# This file is autogenerated, do not edit; changes may be undone by the next 'dep ensure'.


[[projects]]
  branch = "master"
  digest = "1:9cea556de83867adf45b8dbc06a23840fbaf310c62f2ebab1737d1131eb21707"
  name = "github.com/JoelOtter/termloop"
  packages = ["."]
  pruneopts = "UT"
  revision = "1c1651ed36255c49d7f7468e0519b02eab2d4626"

[[projects]]
  digest = "1:0356f3312c9bd1cbeda81505b7fd437501d8e778ab66998ef69f00d7f9b3a0d7"
  name = "github.com/mattn/go-runewidth"
  packages = ["."]
  pruneopts = "UT"
  revision = "3ee7d812e62a0804a7d0a324e0249ca2db3476d3"
  version = "v0.0.4"

[[projects]]
  branch = "master"
  digest = "1:3748273fbc527cb86628e8060e1a98df3d082f1d750a63056522e01ea87ff4a0"
  name = "github.com/nsf/termbox-go"
  packages = ["."]
  pruneopts = "UT"
  revision = "93860e16131719fa9722e7c448dbf8c0e3210a0d"

[solve-meta]
  analyzer-name = "dep"
  analyzer-version = 1
  input-imports = ["github.com/JoelOtter/termloop"]
  solver-name = "gps-cdcl"
  solver-version = 1
